
Microsoft Visual Studio Solution File, Format Version 12.00
# Visual Studio Version 16
VisualStudioVersion = 16.0.29503.13
MinimumVisualStudioVersion = 10.0.40219.1
Project("{9A19103F-16F7-4668-BE54-9A1E7A4F7556}") = "Canducci.Blazor.Redux", "Canducci.Blazor.Redux\Canducci.Blazor.Redux.csproj", "{2512BECE-D0A8-42E2-B60E-188433053D8F}"
EndProject
Project("{FAE04EC0-301F-11D3-BF4B-00C04F79EFBC}") = "BlazorApp1", "BlazorApp1\BlazorApp1.csproj", "{0C07D056-1140-412A-A12D-0FDA6512860F}"
EndProject
Global
	GlobalSection(SolutionConfigurationPlatforms) = preSolution
		Debug|Any CPU = Debug|Any CPU
		Release|Any CPU = Release|Any CPU
	EndGlobalSection
	GlobalSection(ProjectConfigurationPlatforms) = postSolution
		{2512BECE-D0A8-42E2-B60E-188433053D8F}.Debug|Any CPU.ActiveCfg = Debug|Any CPU
		{2512BECE-D0A8-42E2-B60E-188433053D8F}.Debug|Any CPU.Build.0 = Debug|Any CPU
		{2512BECE-D0A8-42E2-B60E-188433053D8F}.Release|Any CPU.ActiveCfg = Release|Any CPU
		{2512BECE-D0A8-42E2-B60E-188433053D8F}.Release|Any CPU.Build.0 = Release|Any CPU
		{0C07D056-1140-412A-A12D-0FDA6512860F}.Debug|Any CPU.ActiveCfg = Debug|Any CPU
		{0C07D056-1140-412A-A12D-0FDA6512860F}.Debug|Any CPU.Build.0 = Debug|Any CPU
		{0C07D056-1140-412A-A12D-0FDA6512860F}.Release|Any CPU.ActiveCfg = Release|Any CPU
		{0C07D056-1140-412A-A12D-0FDA6512860F}.Release|Any CPU.Build.0 = Release|Any CPU
	EndGlobalSection
	GlobalSection(SolutionProperties) = preSolution
		HideSolutionNode = FALSE
	EndGlobalSection
	GlobalSection(ExtensibilityGlobals) = postSolution
		SolutionGuid = {95DA4627-8788-430C-9DBE-8D14F1D5D1E4}
	EndGlobalSection
EndGlobal
